// !$*UTF8*$!
{
	archiveVersion = 1;
	classes = {
	};
	objectVersion = 46;
	objects = {

/* Begin PBXBuildFile section */
		36E5854C171D832200D77FC2 /* UIKit.framework in Frameworks */ = {isa = PBXBuildFile; fileRef = 36E5854B171D832200D77FC2 /* UIKit.framework */; };
		36E5854E171D832200D77FC2 /* Foundation.framework in Frameworks */ = {isa = PBXBuildFile; fileRef = 36E5854D171D832200D77FC2 /* Foundation.framework */; };
		36E58550171D832200D77FC2 /* CoreGraphics.framework in Frameworks */ = {isa = PBXBuildFile; fileRef = 36E5854F171D832200D77FC2 /* CoreGraphics.framework */; };
		36E58556171D832200D77FC2 /* InfoPlist.strings in Resources */ = {isa = PBXBuildFile; fileRef = 36E58554171D832200D77FC2 /* InfoPlist.strings */; };
		36E58558171D832200D77FC2 /* main.m in Sources */ = {isa = PBXBuildFile; fileRef = 36E58557171D832200D77FC2 /* main.m */; };
		36E5855C171D832200D77FC2 /* HomepwnerAppDelegate.m in Sources */ = {isa = PBXBuildFile; fileRef = 36E5855B171D832200D77FC2 /* HomepwnerAppDelegate.m */; };
		36E5855E171D832200D77FC2 /* Default.png in Resources */ = {isa = PBXBuildFile; fileRef = 36E5855D171D832200D77FC2 /* Default.png */; };
		36E58560171D832200D77FC2 /* Default@2x.png in Resources */ = {isa = PBXBuildFile; fileRef = 36E5855F171D832200D77FC2 /* Default@2x.png */; };
		36E58562171D832200D77FC2 /* Default-568h@2x.png in Resources */ = {isa = PBXBuildFile; fileRef = 36E58561171D832200D77FC2 /* Default-568h@2x.png */; };
/* End PBXBuildFile section */

/* Begin PBXFileReference section */
		36E58548171D832200D77FC2 /* Homepwner.app */ = {isa = PBXFileReference; explicitFileType = wrapper.application; includeInIndex = 0; path = Homepwner.app; sourceTree = BUILT_PRODUCTS_DIR; };
		36E5854B171D832200D77FC2 /* UIKit.framework */ = {isa = PBXFileReference; lastKnownFileType = wrapper.framework; name = UIKit.framework; path = System/Library/Frameworks/UIKit.framework; sourceTree = SDKROOT; };
		36E5854D171D832200D77FC2 /* Foundation.framework */ = {isa = PBXFileReference; lastKnownFileType = wrapper.framework; name = Foundation.framework; path = System/Library/Frameworks/Foundation.framework; sourceTree = SDKROOT; };
		36E5854F171D832200D77FC2 /* CoreGraphics.framework */ = {isa = PBXFileReference; lastKnownFileType = wrapper.framework; name = CoreGraphics.framework; path = System/Library/Frameworks/CoreGraphics.framework; sourceTree = SDKROOT; };
		36E58553171D832200D77FC2 /* Homepwner-Info.plist */ = {isa = PBXFileReference; lastKnownFileType = text.plist.xml; path = "Homepwner-Info.plist"; sourceTree = "<group>"; };
		36E58555171D832200D77FC2 /* en */ = {isa = PBXFileReference; lastKnownFileType = text.plist.strings; name = en; path = en.lproj/InfoPlist.strings; sourceTree = "<group>"; };
		36E58557171D832200D77FC2 /* main.m */ = {isa = PBXFileReference; lastKnownFileType = sourcecode.c.objc; path = main.m; sourceTree = "<group>"; };
		36E58559171D832200D77FC2 /* Homepwner-Prefix.pch */ = {isa = PBXFileReference; lastKnownFileType = sourcecode.c.h; path = "Homepwner-Prefix.pch"; sourceTree = "<group>"; };
		36E5855A171D832200D77FC2 /* HomepwnerAppDelegate.h */ = {isa = PBXFileReference; lastKnownFileType = sourcecode.c.h; path = HomepwnerAppDelegate.h; sourceTree = "<group>"; };
		36E5855B171D832200D77FC2 /* HomepwnerAppDelegate.m */ = {isa = PBXFileReference; lastKnownFileType = sourcecode.c.objc; path = HomepwnerAppDelegate.m; sourceTree = "<group>"; };
		36E5855D171D832200D77FC2 /* Default.png */ = {isa = PBXFileReference; lastKnownFileType = image.png; path = Default.png; sourceTree = "<group>"; };
		36E5855F171D832200D77FC2 /* Default@2x.png */ = {isa = PBXFileReference; lastKnownFileType = image.png; path = "Default@2x.png"; sourceTree = "<group>"; };
		36E58561171D832200D77FC2 /* Default-568h@2x.png */ = {isa = PBXFileReference; lastKnownFileType = image.png; path = "Default-568h@2x.png"; sourceTree = "<group>"; };
/* End PBXFileReference section */

/* Begin PBXFrameworksBuildPhase section */
		36E58545171D832200D77FC2 /* Frameworks */ = {
			isa = PBXFrameworksBuildPhase;
			buildActionMask = 2147483647;
			files = (
				36E5854C171D832200D77FC2 /* UIKit.framework in Frameworks */,
				36E5854E171D832200D77FC2 /* Foundation.framework in Frameworks */,
				36E58550171D832200D77FC2 /* CoreGraphics.framework in Frameworks */,
			);
			runOnlyForDeploymentPostprocessing = 0;
		};
/* End PBXFrameworksBuildPhase section */

/* Begin PBXGroup section */
		36E5853F171D832200D77FC2 = {
			isa = PBXGroup;
			children = (
				36E58551171D832200D77FC2 /* Homepwner */,
				36E5854A171D832200D77FC2 /* Frameworks */,
				36E58549171D832200D77FC2 /* Products */,
			);
			sourceTree = "<group>";
		};
		36E58549171D832200D77FC2 /* Products */ = {
			isa = PBXGroup;
			children = (
				36E58548171D832200D77FC2 /* Homepwner.app */,
			);
			name = Products;
			sourceTree = "<group>";
		};
		36E5854A171D832200D77FC2 /* Frameworks */ = {
			isa = PBXGroup;
			children = (
				36E5854B171D832200D77FC2 /* UIKit.framework */,
				36E5854D171D832200D77FC2 /* Foundation.framework */,
				36E5854F171D832200D77FC2 /* CoreGraphics.framework */,
			);
			name = Frameworks;
			sourceTree = "<group>";
		};
		36E58551171D832200D77FC2 /* Homepwner */ = {
			isa = PBXGroup;
			children = (
				36E5855A171D832200D77FC2 /* HomepwnerAppDelegate.h */,
				36E5855B171D832200D77FC2 /* HomepwnerAppDelegate.m */,
				36E58552171D832200D77FC2 /* Supporting Files */,
			);
			path = Homepwner;
			sourceTree = "<group>";
		};
		36E58552171D832200D77FC2 /* Supporting Files */ = {
			isa = PBXGroup;
			children = (
				36E58553171D832200D77FC2 /* Homepwner-Info.plist */,
				36E58554171D832200D77FC2 /* InfoPlist.strings */,
				36E58557171D832200D77FC2 /* main.m */,
				36E58559171D832200D77FC2 /* Homepwner-Prefix.pch */,
				36E5855D171D832200D77FC2 /* Default.png */,
				36E5855F171D832200D77FC2 /* Default@2x.png */,
				36E58561171D832200D77FC2 /* Default-568h@2x.png */,
			);
			name = "Supporting Files";
			sourceTree = "<group>";
		};
/* End PBXGroup section */

/* Begin PBXNativeTarget section */
		36E58547171D832200D77FC2 /* Homepwner */ = {
			isa = PBXNativeTarget;
			buildConfigurationList = 36E58565171D832200D77FC2 /* Build configuration list for PBXNativeTarget "Homepwner" */;
			buildPhases = (
				36E58544171D832200D77FC2 /* Sources */,
				36E58545171D832200D77FC2 /* Frameworks */,
				36E58546171D832200D77FC2 /* Resources */,
			);
			buildRules = (
			);
			dependencies = (
			);
			name = Homepwner;
			productName = Homepwner;
			productReference = 36E58548171D832200D77FC2 /* Homepwner.app */;
			productType = "com.apple.product-type.application";
		};
/* End PBXNativeTarget section */

/* Begin PBXProject section */
		36E58540171D832200D77FC2 /* Project object */ = {
			isa = PBXProject;
			attributes = {
				CLASSPREFIX = Homepwner;
				LastUpgradeCheck = 0460;
				ORGANIZATIONNAME = "Steve Sloka App Dev";
			};
			buildConfigurationList = 36E58543171D832200D77FC2 /* Build configuration list for PBXProject "Homepwner" */;
			compatibilityVersion = "Xcode 3.2";
			developmentRegion = English;
			hasScannedForEncodings = 0;
			knownRegions = (
				en,
			);
			mainGroup = 36E5853F171D832200D77FC2;
			productRefGroup = 36E58549171D832200D77FC2 /* Products */;
			projectDirPath = "";
			projectRoot = "";
			targets = (
				36E58547171D832200D77FC2 /* Homepwner */,
			);
		};
/* End PBXProject section */

/* Begin PBXResourcesBuildPhase section */
		36E58546171D832200D77FC2 /* Resources */ = {
			isa = PBXResourcesBuildPhase;
			buildActionMask = 2147483647;
			files = (
				36E58556171D832200D77FC2 /* InfoPlist.strings in Resources */,
				36E5855E171D832200D77FC2 /* Default.png in Resources */,
				36E58560171D832200D77FC2 /* Default@2x.png in Resources */,
				36E58562171D832200D77FC2 /* Default-568h@2x.png in Resources */,
			);
			runOnlyForDeploymentPostprocessing = 0;
		};
/* End PBXResourcesBuildPhase section */

/* Begin PBXSourcesBuildPhase section */
		36E58544171D832200D77FC2 /* Sources */ = {
			isa = PBXSourcesBuildPhase;
			buildActionMask = 2147483647;
			files = (
				36E58558171D832200D77FC2 /* main.m in Sources */,
				36E5855C171D832200D77FC2 /* HomepwnerAppDelegate.m in Sources */,
			);
			runOnlyForDeploymentPostprocessing = 0;
		};
/* End PBXSourcesBuildPhase section */

/* Begin PBXVariantGroup section */
		36E58554171D832200D77FC2 /* InfoPlist.strings */ = {
			isa = PBXVariantGroup;
			children = (
				36E58555171D832200D77FC2 /* en */,
			);
			name = InfoPlist.strings;
			sourceTree = "<group>";
		};
/* End PBXVariantGroup section */

/* Begin XCBuildConfiguration section */
		36E58563171D832200D77FC2 /* Debug */ = {
			isa = XCBuildConfiguration;
			buildSettings = {
				ALWAYS_SEARCH_USER_PATHS = NO;
				CLANG_CXX_LANGUAGE_STANDARD = "gnu++0x";
				CLANG_CXX_LIBRARY = "libc++";
				CLANG_ENABLE_OBJC_ARC = YES;
				CLANG_WARN_CONSTANT_CONVERSION = YES;
				CLANG_WARN_EMPTY_BODY = YES;
				CLANG_WARN_ENUM_CONVERSION = YES;
				CLANG_WARN_INT_CONVERSION = YES;
				CLANG_WARN__DUPLICATE_METHOD_MATCH = YES;
				"CODE_SIGN_IDENTITY[sdk=iphoneos*]" = "iPhone Developer";
				COPY_PHASE_STRIP = NO;
				GCC_C_LANGUAGE_STANDARD = gnu99;
				GCC_DYNAMIC_NO_PIC = NO;
				GCC_OPTIMIZATION_LEVEL = 0;
				GCC_PREPROCESSOR_DEFINITIONS = (
					"DEBUG=1",
					"$(inherited)",
				);
				GCC_SYMBOLS_PRIVATE_EXTERN = NO;
				GCC_WARN_ABOUT_RETURN_TYPE = YES;
				GCC_WARN_UNINITIALIZED_AUTOS = YES;
				GCC_WARN_UNUSED_VARIABLE = YES;
				IPHONEOS_DEPLOYMENT_TARGET = 6.1;
				ONLY_ACTIVE_ARCH = YES;
				SDKROOT = iphoneos;
			};
			name = Debug;
		};
		36E58564171D832200D77FC2 /* Release */ = {
			isa = XCBuildConfiguration;
			buildSettings = {
				ALWAYS_SEARCH_USER_PATHS = NO;
				CLANG_CXX_LANGUAGE_STANDARD = "gnu++0x";
				CLANG_CXX_LIBRARY = "libc++";
				CLANG_ENABLE_OBJC_ARC = YES;
				CLANG_WARN_CONSTANT_CONVERSION = YES;
				CLANG_WARN_EMPTY_BODY = YES;
				CLANG_WARN_ENUM_CONVERSION = YES;
				CLANG_WARN_INT_CONVERSION = YES;
				CLANG_WARN__DUPLICATE_METHOD_MATCH = YES;
				"CODE_SIGN_IDENTITY[sdk=iphoneos*]" = "iPhone Developer";
				COPY_PHASE_STRIP = YES;
				GCC_C_LANGUAGE_STANDARD = gnu99;
				GCC_WARN_ABOUT_RETURN_TYPE = YES;
				GCC_WARN_UNINITIALIZED_AUTOS = YES;
				GCC_WARN_UNUSED_VARIABLE = YES;
				IPHONEOS_DEPLOYMENT_TARGET = 6.1;
				OTHER_CFLAGS = "-DNS_BLOCK_ASSERTIONS=1";
				SDKROOT = iphoneos;
				VALIDATE_PRODUCT = YES;
			};
			name = Release;
		};
		36E58566171D832200D77FC2 /* Debug */ = {
			isa = XCBuildConfiguration;
			buildSettings = {
				GCC_PRECOMPILE_PREFIX_HEADER = YES;
				GCC_PREFIX_HEADER = "Homepwner/Homepwner-Prefix.pch";
				INFOPLIST_FILE = "Homepwner/Homepwner-Info.plist";
				PRODUCT_NAME = "$(TARGET_NAME)";
				WRAPPER_EXTENSION = app;
			};
			name = Debug;
		};
		36E58567171D832200D77FC2 /* Release */ = {
			isa = XCBuildConfiguration;
			buildSettings = {
				GCC_PRECOMPILE_PREFIX_HEADER = YES;
				GCC_PREFIX_HEADER = "Homepwner/Homepwner-Prefix.pch";
				INFOPLIST_FILE = "Homepwner/Homepwner-Info.plist";
				PRODUCT_NAME = "$(TARGET_NAME)";
				WRAPPER_EXTENSION = app;
			};
			name = Release;
		};
/* End XCBuildConfiguration section */

/* Begin XCConfigurationList section */
		36E58543171D832200D77FC2 /* Build configuration list for PBXProject "Homepwner" */ = {
			isa = XCConfigurationList;
			buildConfigurations = (
				36E58563171D832200D77FC2 /* Debug */,
				36E58564171D832200D77FC2 /* Release */,
			);
			defaultConfigurationIsVisible = 0;
			defaultConfigurationName = Release;
		};
		36E58565171D832200D77FC2 /* Build configuration list for PBXNativeTarget "Homepwner" */ = {
			isa = XCConfigurationList;
			buildConfigurations = (
				36E58566171D832200D77FC2 /* Debug */,
				36E58567171D832200D77FC2 /* Release */,
			);
			defaultConfigurationIsVisible = 0;
		};
/* End XCConfigurationList section */
	};
	rootObject = 36E58540171D832200D77FC2 /* Project object */;
}
